
Microsoft Visual Studio Solution File, Format Version 12.00
# Visual Studio Version 16
VisualStudioVersion = 16.0.31605.320
MinimumVisualStudioVersion = 10.0.40219.1
Project("{FAE04EC0-301F-11D3-BF4B-00C04F79EFBC}") = "SchedulingCenter", "SchedulingCenter\SchedulingCenter.csproj", "{78EE64C9-D15E-4EC8-B559-B9353329DF14}"
EndProject
Global
	GlobalSection(SolutionConfigurationPlatforms) = preSolution
		Debug|Any CPU = Debug|Any CPU
		Release|Any CPU = Release|Any CPU
	EndGlobalSection
	GlobalSection(ProjectConfigurationPlatforms) = postSolution
		{78EE64C9-D15E-4EC8-B559-B9353329DF14}.Debug|Any CPU.ActiveCfg = Debug|Any CPU
		{78EE64C9-D15E-4EC8-B559-B9353329DF14}.Debug|Any CPU.Build.0 = Debug|Any CPU
		{78EE64C9-D15E-4EC8-B559-B9353329DF14}.Release|Any CPU.ActiveCfg = Release|Any CPU
		{78EE64C9-D15E-4EC8-B559-B9353329DF14}.Release|Any CPU.Build.0 = Release|Any CPU
	EndGlobalSection
	GlobalSection(SolutionProperties) = preSolution
		HideSolutionNode = FALSE
	EndGlobalSection
	GlobalSection(ExtensibilityGlobals) = postSolution
		SolutionGuid = {F3683905-B806-4AB5-B942-24C93A9BC2FA}
	EndGlobalSection
EndGlobal
